// !$*UTF8*$!
{
	archiveVersion = 1;
	classes = {
	};
	objectVersion = 50;
	objects = {

/* Begin PBXBuildFile section */
		2334E8662A1E20ED00292F9C /* AppDelegate.swift in Sources */ = {isa = PBXBuildFile; fileRef = 2334E8652A1E20ED00292F9C /* AppDelegate.swift */; };
		2334E86D2A1E20F600292F9C /* Assets.xcassets in Resources */ = {isa = PBXBuildFile; fileRef = 2334E86C2A1E20F600292F9C /* Assets.xcassets */; };
		2334E8702A1E20F600292F9C /* LaunchScreen.storyboard in Resources */ = {isa = PBXBuildFile; fileRef = 2334E86E2A1E20F600292F9C /* LaunchScreen.storyboard */; };
		2334E8782A1E214800292F9C /* Main.storyboard in Resources */ = {isa = PBXBuildFile; fileRef = 2334E8772A1E214800292F9C /* Main.storyboard */; };
		2334E87D2A1E218100292F9C /* flowLayoutBrain4CodeCell.swift in Sources */ = {isa = PBXBuildFile; fileRef = 2334E87B2A1E218100292F9C /* flowLayoutBrain4CodeCell.swift */; };
		2334E87E2A1E218100292F9C /* flowLayoutBrain4CodeViewController.swift in Sources */ = {isa = PBXBuildFile; fileRef = 2334E87C2A1E218100292F9C /* flowLayoutBrain4CodeViewController.swift */; };
/* End PBXBuildFile section */

/* Begin PBXFileReference section */
		2334E8622A1E20ED00292F9C /* CollectionViewWithPageViewController.app */ = {isa = PBXFileReference; explicitFileType = wrapper.application; includeInIndex = 0; path = CollectionViewWithPageViewController.app; sourceTree = BUILT_PRODUCTS_DIR; };
		2334E8652A1E20ED00292F9C /* AppDelegate.swift */ = {isa = PBXFileReference; lastKnownFileType = sourcecode.swift; path = AppDelegate.swift; sourceTree = "<group>"; };
		2334E86C2A1E20F600292F9C /* Assets.xcassets */ = {isa = PBXFileReference; lastKnownFileType = folder.assetcatalog; path = Assets.xcassets; sourceTree = "<group>"; };
		2334E86F2A1E20F600292F9C /* Base */ = {isa = PBXFileReference; lastKnownFileType = file.storyboard; name = Base; path = Base.lproj/LaunchScreen.storyboard; sourceTree = "<group>"; };
		2334E8712A1E20F600292F9C /* Info.plist */ = {isa = PBXFileReference; lastKnownFileType = text.plist.xml; path = Info.plist; sourceTree = "<group>"; };
		2334E8772A1E214800292F9C /* Main.storyboard */ = {isa = PBXFileReference; fileEncoding = 4; lastKnownFileType = file.storyboard; path = Main.storyboard; sourceTree = "<group>"; };
		2334E87B2A1E218100292F9C /* flowLayoutBrain4CodeCell.swift */ = {isa = PBXFileReference; fileEncoding = 4; lastKnownFileType = sourcecode.swift; path = flowLayoutBrain4CodeCell.swift; sourceTree = "<group>"; };
		2334E87C2A1E218100292F9C /* flowLayoutBrain4CodeViewController.swift */ = {isa = PBXFileReference; fileEncoding = 4; lastKnownFileType = sourcecode.swift; path = flowLayoutBrain4CodeViewController.swift; sourceTree = "<group>"; };
/* End PBXFileReference section */

/* Begin PBXFrameworksBuildPhase section */
		2334E85F2A1E20EC00292F9C /* Frameworks */ = {
			isa = PBXFrameworksBuildPhase;
			buildActionMask = 2147483647;
			files = (
			);
			runOnlyForDeploymentPostprocessing = 0;
		};
/* End PBXFrameworksBuildPhase section */

/* Begin PBXGroup section */
		2334E8592A1E20EC00292F9C = {
			isa = PBXGroup;
			children = (
				2334E8642A1E20ED00292F9C /* CollectionViewWithPageViewController */,
				2334E8632A1E20ED00292F9C /* Products */,
			);
			sourceTree = "<group>";
		};
		2334E8632A1E20ED00292F9C /* Products */ = {
			isa = PBXGroup;
			children = (
				2334E8622A1E20ED00292F9C /* CollectionViewWithPageViewController.app */,
			);
			name = Products;
			sourceTree = "<group>";
		};
		2334E8642A1E20ED00292F9C /* CollectionViewWithPageViewController */ = {
			isa = PBXGroup;
			children = (
				2334E8652A1E20ED00292F9C /* AppDelegate.swift */,
				2334E8792A1E218100292F9C /* Brain4Code */,
				2334E86C2A1E20F600292F9C /* Assets.xcassets */,
				2334E8772A1E214800292F9C /* Main.storyboard */,
				2334E86E2A1E20F600292F9C /* LaunchScreen.storyboard */,
				2334E8712A1E20F600292F9C /* Info.plist */,
			);
			path = CollectionViewWithPageViewController;
			sourceTree = "<group>";
		};
		2334E8792A1E218100292F9C /* Brain4Code */ = {
			isa = PBXGroup;
			children = (
				2334E87A2A1E218100292F9C /* cell */,
				2334E87C2A1E218100292F9C /* flowLayoutBrain4CodeViewController.swift */,
			);
			path = Brain4Code;
			sourceTree = "<group>";
		};
		2334E87A2A1E218100292F9C /* cell */ = {
			isa = PBXGroup;
			children = (
				2334E87B2A1E218100292F9C /* flowLayoutBrain4CodeCell.swift */,
			);
			path = cell;
			sourceTree = "<group>";
		};
/* End PBXGroup section */

/* Begin PBXNativeTarget section */
		2334E8612A1E20EC00292F9C /* CollectionViewWithPageViewController */ = {
			isa = PBXNativeTarget;
			buildConfigurationList = 2334E8742A1E20F600292F9C /* Build configuration list for PBXNativeTarget "CollectionViewWithPageViewController" */;
			buildPhases = (
				2334E85E2A1E20EC00292F9C /* Sources */,
				2334E85F2A1E20EC00292F9C /* Frameworks */,
				2334E8602A1E20EC00292F9C /* Resources */,
			);
			buildRules = (
			);
			dependencies = (
			);
			name = CollectionViewWithPageViewController;
			productName = CollectionViewWithPageViewController;
			productReference = 2334E8622A1E20ED00292F9C /* CollectionViewWithPageViewController.app */;
			productType = "com.apple.product-type.application";
		};
/* End PBXNativeTarget section */

/* Begin PBXProject section */
		2334E85A2A1E20EC00292F9C /* Project object */ = {
			isa = PBXProject;
			attributes = {
				LastSwiftUpdateCheck = 1020;
				LastUpgradeCheck = 1020;
				ORGANIZATIONNAME = scs;
				TargetAttributes = {
					2334E8612A1E20EC00292F9C = {
						CreatedOnToolsVersion = 10.2.1;
					};
				};
			};
			buildConfigurationList = 2334E85D2A1E20EC00292F9C /* Build configuration list for PBXProject "CollectionViewWithPageViewController" */;
			compatibilityVersion = "Xcode 9.3";
			developmentRegion = en;
			hasScannedForEncodings = 0;
			knownRegions = (
				en,
				Base,
			);
			mainGroup = 2334E8592A1E20EC00292F9C;
			productRefGroup = 2334E8632A1E20ED00292F9C /* Products */;
			projectDirPath = "";
			projectRoot = "";
			targets = (
				2334E8612A1E20EC00292F9C /* CollectionViewWithPageViewController */,
			);
		};
/* End PBXProject section */

/* Begin PBXResourcesBuildPhase section */
		2334E8602A1E20EC00292F9C /* Resources */ = {
			isa = PBXResourcesBuildPhase;
			buildActionMask = 2147483647;
			files = (
				2334E8702A1E20F600292F9C /* LaunchScreen.storyboard in Resources */,
				2334E86D2A1E20F600292F9C /* Assets.xcassets in Resources */,
				2334E8782A1E214800292F9C /* Main.storyboard in Resources */,
			);
			runOnlyForDeploymentPostprocessing = 0;
		};
/* End PBXResourcesBuildPhase section */

/* Begin PBXSourcesBuildPhase section */
		2334E85E2A1E20EC00292F9C /* Sources */ = {
			isa = PBXSourcesBuildPhase;
			buildActionMask = 2147483647;
			files = (
				2334E87E2A1E218100292F9C /* flowLayoutBrain4CodeViewController.swift in Sources */,
				2334E87D2A1E218100292F9C /* flowLayoutBrain4CodeCell.swift in Sources */,
				2334E8662A1E20ED00292F9C /* AppDelegate.swift in Sources */,
			);
			runOnlyForDeploymentPostprocessing = 0;
		};
/* End PBXSourcesBuildPhase section */

/* Begin PBXVariantGroup section */
		2334E86E2A1E20F600292F9C /* LaunchScreen.storyboard */ = {
			isa = PBXVariantGroup;
			children = (
				2334E86F2A1E20F600292F9C /* Base */,
			);
			name = LaunchScreen.storyboard;
			sourceTree = "<group>";
		};
/* End PBXVariantGroup section */

/* Begin XCBuildConfiguration section */
		2334E8722A1E20F600292F9C /* Debug */ = {
			isa = XCBuildConfiguration;
			buildSettings = {
				ALWAYS_SEARCH_USER_PATHS = NO;
				CLANG_ANALYZER_NONNULL = YES;
				CLANG_ANALYZER_NUMBER_OBJECT_CONVERSION = YES_AGGRESSIVE;
				CLANG_CXX_LANGUAGE_STANDARD = "gnu++14";
				CLANG_CXX_LIBRARY = "libc++";
				CLANG_ENABLE_MODULES = YES;
				CLANG_ENABLE_OBJC_ARC = YES;
				CLANG_ENABLE_OBJC_WEAK = YES;
				CLANG_WARN_BLOCK_CAPTURE_AUTORELEASING = YES;
				CLANG_WARN_BOOL_CONVERSION = YES;
				CLANG_WARN_COMMA = YES;
				CLANG_WARN_CONSTANT_CONVERSION = YES;
				CLANG_WARN_DEPRECATED_OBJC_IMPLEMENTATIONS = YES;
				CLANG_WARN_DIRECT_OBJC_ISA_USAGE = YES_ERROR;
				CLANG_WARN_DOCUMENTATION_COMMENTS = YES;
				CLANG_WARN_EMPTY_BODY = YES;
				CLANG_WARN_ENUM_CONVERSION = YES;
				CLANG_WARN_INFINITE_RECURSION = YES;
				CLANG_WARN_INT_CONVERSION = YES;
				CLANG_WARN_NON_LITERAL_NULL_CONVERSION = YES;
				CLANG_WARN_OBJC_IMPLICIT_RETAIN_SELF = YES;
				CLANG_WARN_OBJC_LITERAL_CONVERSION = YES;
				CLANG_WARN_OBJC_ROOT_CLASS = YES_ERROR;
				CLANG_WARN_RANGE_LOOP_ANALYSIS = YES;
				CLANG_WARN_STRICT_PROTOTYPES = YES;
				CLANG_WARN_SUSPICIOUS_MOVE = YES;
				CLANG_WARN_UNGUARDED_AVAILABILITY = YES_AGGRESSIVE;
				CLANG_WARN_UNREACHABLE_CODE = YES;
				CLANG_WARN__DUPLICATE_METHOD_MATCH = YES;
				CODE_SIGN_IDENTITY = "iPhone Developer";
				COPY_PHASE_STRIP = NO;
				DEBUG_INFORMATION_FORMAT = dwarf;
				ENABLE_STRICT_OBJC_MSGSEND = YES;
				ENABLE_TESTABILITY = YES;
				GCC_C_LANGUAGE_STANDARD = gnu11;
				GCC_DYNAMIC_NO_PIC = NO;
				GCC_NO_COMMON_BLOCKS = YES;
				GCC_OPTIMIZATION_LEVEL = 0;
				GCC_PREPROCESSOR_DEFINITIONS = (
					"DEBUG=1",
					"$(inherited)",
				);
				GCC_WARN_64_TO_32_BIT_CONVERSION = YES;
				GCC_WARN_ABOUT_RETURN_TYPE = YES_ERROR;
				GCC_WARN_UNDECLARED_SELECTOR = YES;
				GCC_WARN_UNINITIALIZED_AUTOS = YES_AGGRESSIVE;
				GCC_WARN_UNUSED_FUNCTION = YES;
				GCC_WARN_UNUSED_VARIABLE = YES;
				IPHONEOS_DEPLOYMENT_TARGET = 12.2;
				MTL_ENABLE_DEBUG_INFO = INCLUDE_SOURCE;
				MTL_FAST_MATH = YES;
				ONLY_ACTIVE_ARCH = YES;
				SDKROOT = iphoneos;
				SWIFT_ACTIVE_COMPILATION_CONDITIONS = DEBUG;
				SWIFT_OPTIMIZATION_LEVEL = "-Onone";
			};
			name = Debug;
		};
		2334E8732A1E20F600292F9C /* Release */ = {
			isa = XCBuildConfiguration;
			buildSettings = {
				ALWAYS_SEARCH_USER_PATHS = NO;
				CLANG_ANALYZER_NONNULL = YES;
				CLANG_ANALYZER_NUMBER_OBJECT_CONVERSION = YES_AGGRESSIVE;
				CLANG_CXX_LANGUAGE_STANDARD = "gnu++14";
				CLANG_CXX_LIBRARY = "libc++";
				CLANG_ENABLE_MODULES = YES;
				CLANG_ENABLE_OBJC_ARC = YES;
				CLANG_ENABLE_OBJC_WEAK = YES;
				CLANG_WARN_BLOCK_CAPTURE_AUTORELEASING = YES;
				CLANG_WARN_BOOL_CONVERSION = YES;
				CLANG_WARN_COMMA = YES;
				CLANG_WARN_CONSTANT_CONVERSION = YES;
				CLANG_WARN_DEPRECATED_OBJC_IMPLEMENTATIONS = YES;
				CLANG_WARN_DIRECT_OBJC_ISA_USAGE = YES_ERROR;
				CLANG_WARN_DOCUMENTATION_COMMENTS = YES;
				CLANG_WARN_EMPTY_BODY = YES;
				CLANG_WARN_ENUM_CONVERSION = YES;
				CLANG_WARN_INFINITE_RECURSION = YES;
				CLANG_WARN_INT_CONVERSION = YES;
				CLANG_WARN_NON_LITERAL_NULL_CONVERSION = YES;
				CLANG_WARN_OBJC_IMPLICIT_RETAIN_SELF = YES;
				CLANG_WARN_OBJC_LITERAL_CONVERSION = YES;
				CLANG_WARN_OBJC_ROOT_CLASS = YES_ERROR;
				CLANG_WARN_RANGE_LOOP_ANALYSIS = YES;
				CLANG_WARN_STRICT_PROTOTYPES = YES;
				CLANG_WARN_SUSPICIOUS_MOVE = YES;
				CLANG_WARN_UNGUARDED_AVAILABILITY = YES_AGGRESSIVE;
				CLANG_WARN_UNREACHABLE_CODE = YES;
				CLANG_WARN__DUPLICATE_METHOD_MATCH = YES;
				CODE_SIGN_IDENTITY = "iPhone Developer";
				COPY_PHASE_STRIP = NO;
				DEBUG_INFORMATION_FORMAT = "dwarf-with-dsym";
				ENABLE_NS_ASSERTIONS = NO;
				ENABLE_STRICT_OBJC_MSGSEND = YES;
				GCC_C_LANGUAGE_STANDARD = gnu11;
				GCC_NO_COMMON_BLOCKS = YES;
				GCC_WARN_64_TO_32_BIT_CONVERSION = YES;
				GCC_WARN_ABOUT_RETURN_TYPE = YES_ERROR;
				GCC_WARN_UNDECLARED_SELECTOR = YES;
				GCC_WARN_UNINITIALIZED_AUTOS = YES_AGGRESSIVE;
				GCC_WARN_UNUSED_FUNCTION = YES;
				GCC_WARN_UNUSED_VARIABLE = YES;
				IPHONEOS_DEPLOYMENT_TARGET = 12.2;
				MTL_ENABLE_DEBUG_INFO = NO;
				MTL_FAST_MATH = YES;
				SDKROOT = iphoneos;
				SWIFT_COMPILATION_MODE = wholemodule;
				SWIFT_OPTIMIZATION_LEVEL = "-O";
				VALIDATE_PRODUCT = YES;
			};
			name = Release;
		};
		2334E8752A1E20F700292F9C /* Debug */ = {
			isa = XCBuildConfiguration;
			buildSettings = {
				ASSETCATALOG_COMPILER_APPICON_NAME = AppIcon;
				CODE_SIGN_STYLE = Automatic;
				INFOPLIST_FILE = CollectionViewWithPageViewController/Info.plist;
				LD_RUNPATH_SEARCH_PATHS = (
					"$(inherited)",
					"@executable_path/Frameworks",
				);
				PRODUCT_BUNDLE_IDENTIFIER = scs.CollectionViewWithPageViewController;
				PRODUCT_NAME = "$(TARGET_NAME)";
				SWIFT_VERSION = 5.0;
				TARGETED_DEVICE_FAMILY = "1,2";
			};
			name = Debug;
		};
		2334E8762A1E20F700292F9C /* Release */ = {
			isa = XCBuildConfiguration;
			buildSettings = {
				ASSETCATALOG_COMPILER_APPICON_NAME = AppIcon;
				CODE_SIGN_STYLE = Automatic;
				INFOPLIST_FILE = CollectionViewWithPageViewController/Info.plist;
				LD_RUNPATH_SEARCH_PATHS = (
					"$(inherited)",
					"@executable_path/Frameworks",
				);
				PRODUCT_BUNDLE_IDENTIFIER = scs.CollectionViewWithPageViewController;
				PRODUCT_NAME = "$(TARGET_NAME)";
				SWIFT_VERSION = 5.0;
				TARGETED_DEVICE_FAMILY = "1,2";
			};
			name = Release;
		};
/* End XCBuildConfiguration section */

/* Begin XCConfigurationList section */
		2334E85D2A1E20EC00292F9C /* Build configuration list for PBXProject "CollectionViewWithPageViewController" */ = {
			isa = XCConfigurationList;
			buildConfigurations = (
				2334E8722A1E20F600292F9C /* Debug */,
				2334E8732A1E20F600292F9C /* Release */,
			);
			defaultConfigurationIsVisible = 0;
			defaultConfigurationName = Release;
		};
		2334E8742A1E20F600292F9C /* Build configuration list for PBXNativeTarget "CollectionViewWithPageViewController" */ = {
			isa = XCConfigurationList;
			buildConfigurations = (
				2334E8752A1E20F700292F9C /* Debug */,
				2334E8762A1E20F700292F9C /* Release */,
			);
			defaultConfigurationIsVisible = 0;
			defaultConfigurationName = Release;
		};
/* End XCConfigurationList section */
	};
	rootObject = 2334E85A2A1E20EC00292F9C /* Project object */;
}
